
Microsoft Visual Studio Solution File, Format Version 12.00
# Visual Studio Version 16
VisualStudioVersion = 16.0.29613.14
MinimumVisualStudioVersion = 10.0.40219.1
Project("{FAE04EC0-301F-11D3-BF4B-00C04F79EFBC}") = "tablemul", "tablemul\tablemul.csproj", "{484D4F97-DCF7-47E4-A9BC-A84856B67427}"
EndProject
Global
	GlobalSection(SolutionConfigurationPlatforms) = preSolution
		Debug|Any CPU = Debug|Any CPU
		Release|Any CPU = Release|Any CPU
	EndGlobalSection
	GlobalSection(ProjectConfigurationPlatforms) = postSolution
		{484D4F97-DCF7-47E4-A9BC-A84856B67427}.Debug|Any CPU.ActiveCfg = Debug|Any CPU
		{484D4F97-DCF7-47E4-A9BC-A84856B67427}.Debug|Any CPU.Build.0 = Debug|Any CPU
		{484D4F97-DCF7-47E4-A9BC-A84856B67427}.Release|Any CPU.ActiveCfg = Release|Any CPU
		{484D4F97-DCF7-47E4-A9BC-A84856B67427}.Release|Any CPU.Build.0 = Release|Any CPU
	EndGlobalSection
	GlobalSection(SolutionProperties) = preSolution
		HideSolutionNode = FALSE
	EndGlobalSection
	GlobalSection(ExtensibilityGlobals) = postSolution
		SolutionGuid = {89B26570-B72B-4D41-8123-31FFB76F6D83}
	EndGlobalSection
EndGlobal
